
Microsoft Visual Studio Solution File, Format Version 12.00
# Visual Studio Version 16
VisualStudioVersion = 16.0.30804.86
MinimumVisualStudioVersion = 10.0.40219.1
Project("{8BC9CEB8-8B4A-11D0-8D11-00A0C91BC942}") = "SGDBop", "SGDBop-VS.vcxproj", "{6534F5BD-C8B8-43C9-BFC4-239DC9627045}"
EndProject
Global
	GlobalSection(SolutionConfigurationPlatforms) = preSolution
		Debug|x64 = Debug|x64
		Debug|x86 = Debug|x86
		Release|x64 = Release|x64
		Release|x86 = Release|x86
	EndGlobalSection
	GlobalSection(ProjectConfigurationPlatforms) = postSolution
		{6534F5BD-C8B8-43C9-BFC4-239DC9627045}.Debug|x64.ActiveCfg = Debug|x64
		{6534F5BD-C8B8-43C9-BFC4-239DC9627045}.Debug|x64.Build.0 = Debug|x64
		{6534F5BD-C8B8-43C9-BFC4-239DC9627045}.Debug|x86.ActiveCfg = Debug|Win32
		{6534F5BD-C8B8-43C9-BFC4-239DC9627045}.Debug|x86.Build.0 = Debug|Win32
		{6534F5BD-C8B8-43C9-BFC4-239DC9627045}.Release|x64.ActiveCfg = Release|x64
		{6534F5BD-C8B8-43C9-BFC4-239DC9627045}.Release|x64.Build.0 = Release|x64
		{6534F5BD-C8B8-43C9-BFC4-239DC9627045}.Release|x86.ActiveCfg = Release|Win32
		{6534F5BD-C8B8-43C9-BFC4-239DC9627045}.Release|x86.Build.0 = Release|Win32
	EndGlobalSection
	GlobalSection(SolutionProperties) = preSolution
		HideSolutionNode = FALSE
	EndGlobalSection
	GlobalSection(ExtensibilityGlobals) = postSolution
		SolutionGuid = {5588DF64-59C7-4668-81B4-A51C9EB7C547}
	EndGlobalSection
EndGlobal
